
Microsoft Visual Studio Solution File, Format Version 12.00
# Visual Studio 15
VisualStudioVersion = 15.0.28307.438
MinimumVisualStudioVersion = 10.0.40219.1
Project("{FAE04EC0-301F-11D3-BF4B-00C04F79EFBC}") = "ufr-mfp-examples-c-sharp-console", "ufr-mfp-examples-c-sharp-console\ufr-mfp-examples-c-sharp-console.csproj", "{62BA18A2-4BE6-49C6-A2E4-214604CFB470}"
EndProject
Global
	GlobalSection(SolutionConfigurationPlatforms) = preSolution
		Debug|Any CPU = Debug|Any CPU
		Release|Any CPU = Release|Any CPU
	EndGlobalSection
	GlobalSection(ProjectConfigurationPlatforms) = postSolution
		{62BA18A2-4BE6-49C6-A2E4-214604CFB470}.Debug|Any CPU.ActiveCfg = Debug|Any CPU
		{62BA18A2-4BE6-49C6-A2E4-214604CFB470}.Debug|Any CPU.Build.0 = Debug|Any CPU
		{62BA18A2-4BE6-49C6-A2E4-214604CFB470}.Release|Any CPU.ActiveCfg = Release|Any CPU
		{62BA18A2-4BE6-49C6-A2E4-214604CFB470}.Release|Any CPU.Build.0 = Release|Any CPU
	EndGlobalSection
	GlobalSection(SolutionProperties) = preSolution
		HideSolutionNode = FALSE
	EndGlobalSection
	GlobalSection(ExtensibilityGlobals) = postSolution
		SolutionGuid = {9C841A64-1239-42D2-9967-7CE0C8142BDC}
	EndGlobalSection
EndGlobal
